{
  "version": 4,
  "terraform_version": "1.6.2",
  "serial": 10,
  "lineage": "7b1a8d28-a548-ffec-a8ed-24b3a3418562",
  "outputs": {},
  "resources": [
    {
      "module": "module.network_from_module",
      "mode": "managed",
      "type": "azurerm_resource_group",
      "name": "rg",
      "provider": "module.network_from_module.provider[\"registry.terraform.io/hashicorp/azurerm\"]",
      "instances": [
        {
          "schema_version": 0,
          "attributes": {
            "id": "/subscriptions/ecb11861-0471-423a-981d-cfa77fb117b2/resourceGroups/alf-dev-project1-azurerm_resource_group",
            "location": "switzerlandnorth",
            "name": "alf-dev-project1-azurerm_resource_group",
            "tags": {},
            "timeouts": null
          },
          "sensitive_attributes": [],
          "private": "eyJlMmJmYjczMC1lY2FhLTExZTYtOGY4OC0zNDM2M2JjN2M0YzAiOnsiY3JlYXRlIjo1NDAwMDAwMDAwMDAwLCJkZWxldGUiOjU0MDAwMDAwMDAwMDAsInJlYWQiOjMwMDAwMDAwMDAwMCwidXBkYXRlIjo1NDAwMDAwMDAwMDAwfX0="
        }
      ]
    },
    {
      "module": "module.network_from_module",
      "mode": "managed",
      "type": "azurerm_subnet",
      "name": "net_private",
      "provider": "module.network_from_module.provider[\"registry.terraform.io/hashicorp/azurerm\"]",
      "instances": [
        {
          "schema_version": 0,
          "attributes": {
            "address_prefixes": [
              "10.0.1.0/24"
            ],
            "delegation": [],
            "enforce_private_link_endpoint_network_policies": false,
            "enforce_private_link_service_network_policies": false,
            "id": "/subscriptions/ecb11861-0471-423a-981d-cfa77fb117b2/resourceGroups/alf-dev-project1-azurerm_resource_group/providers/Microsoft.Network/virtualNetworks/alf-dev-project1-vnet/subnets/alf-dev-project1-net_private",
            "name": "alf-dev-project1-net_private",
            "resource_group_name": "alf-dev-project1-azurerm_resource_group",
            "service_endpoint_policy_ids": null,
            "service_endpoints": null,
            "timeouts": null,
            "virtual_network_name": "alf-dev-project1-vnet"
          },
          "sensitive_attributes": [],
          "private": "eyJlMmJmYjczMC1lY2FhLTExZTYtOGY4OC0zNDM2M2JjN2M0YzAiOnsiY3JlYXRlIjoxODAwMDAwMDAwMDAwLCJkZWxldGUiOjE4MDAwMDAwMDAwMDAsInJlYWQiOjMwMDAwMDAwMDAwMCwidXBkYXRlIjoxODAwMDAwMDAwMDAwfX0=",
          "dependencies": [
            "module.network_from_module.azurerm_resource_group.rg",
            "module.network_from_module.azurerm_virtual_network.vnet"
          ]
        }
      ]
    },
    {
      "module": "module.network_from_module",
      "mode": "managed",
      "type": "azurerm_virtual_network",
      "name": "vnet",
      "provider": "module.network_from_module.provider[\"registry.terraform.io/hashicorp/azurerm\"]",
      "instances": [
        {
          "schema_version": 0,
          "attributes": {
            "address_space": [
              "10.0.0.0/16"
            ],
            "bgp_community": "",
            "ddos_protection_plan": [],
            "dns_servers": [],
            "edge_zone": "",
            "flow_timeout_in_minutes": 0,
            "guid": "a82307d8-6208-4cb4-bd17-4e0ebff0f440",
            "id": "/subscriptions/ecb11861-0471-423a-981d-cfa77fb117b2/resourceGroups/alf-dev-project1-azurerm_resource_group/providers/Microsoft.Network/virtualNetworks/alf-dev-project1-vnet",
            "location": "switzerlandnorth",
            "name": "alf-dev-project1-vnet",
            "resource_group_name": "alf-dev-project1-azurerm_resource_group",
            "subnet": [],
            "tags": {},
            "timeouts": null
          },
          "sensitive_attributes": [],
          "private": "eyJlMmJmYjczMC1lY2FhLTExZTYtOGY4OC0zNDM2M2JjN2M0YzAiOnsiY3JlYXRlIjoxODAwMDAwMDAwMDAwLCJkZWxldGUiOjE4MDAwMDAwMDAwMDAsInJlYWQiOjMwMDAwMDAwMDAwMCwidXBkYXRlIjoxODAwMDAwMDAwMDAwfX0=",
          "dependencies": [
            "module.network_from_module.azurerm_resource_group.rg"
          ]
        }
      ]
    }
  ],
  "check_results": null
}
