{
  "version": 4,
  "terraform_version": "1.6.2",
  "serial": 45,
  "lineage": "1794d163-d211-03c2-df7b-57a5e4939a32",
  "outputs": {},
  "resources": [
    {
      "mode": "managed",
      "type": "azurerm_resource_group",
      "name": "rg",
      "provider": "provider[\"registry.terraform.io/hashicorp/azurerm\"]",
      "instances": [
        {
          "schema_version": 0,
          "attributes": {
            "id": "/subscriptions/ecb11861-0471-423a-981d-cfa77fb117b2/resourceGroups/alfdevpr1-my-azfunc1-rg",
            "location": "switzerlandnorth",
            "managed_by": "",
            "name": "alfdevpr1-my-azfunc1-rg",
            "tags": {},
            "timeouts": null
          },
          "sensitive_attributes": [],
          "private": "eyJlMmJmYjczMC1lY2FhLTExZTYtOGY4OC0zNDM2M2JjN2M0YzAiOnsiY3JlYXRlIjo1NDAwMDAwMDAwMDAwLCJkZWxldGUiOjU0MDAwMDAwMDAwMDAsInJlYWQiOjMwMDAwMDAwMDAwMCwidXBkYXRlIjo1NDAwMDAwMDAwMDAwfX0="
        }
      ]
    }
  ],
  "check_results": null
}
